
Microsoft Visual Studio Solution File, Format Version 12.00
# Visual Studio Version 17
VisualStudioVersion = 17.3.32825.248
MinimumVisualStudioVersion = 10.0.40219.1
Project("{FAE04EC0-301F-11D3-BF4B-00C04F79EFBC}") = "WindowsFormsApp8", "WindowsFormsApp8\WindowsFormsApp8.csproj", "{4DB4DFB8-D1F0-4E15-AC2D-7730C83D0DF0}"
EndProject
Project("{FAE04EC0-301F-11D3-BF4B-00C04F79EFBC}") = "WindowsFormsApp1", "WindowsFormsApp1\WindowsFormsApp1.csproj", "{3861D7FC-2300-4DDA-8183-4E3FBCFABCBD}"
EndProject
Global
	GlobalSection(SolutionConfigurationPlatforms) = preSolution
		Debug|Any CPU = Debug|Any CPU
		Release|Any CPU = Release|Any CPU
	EndGlobalSection
	GlobalSection(ProjectConfigurationPlatforms) = postSolution
		{4DB4DFB8-D1F0-4E15-AC2D-7730C83D0DF0}.Debug|Any CPU.ActiveCfg = Debug|Any CPU
		{4DB4DFB8-D1F0-4E15-AC2D-7730C83D0DF0}.Debug|Any CPU.Build.0 = Debug|Any CPU
		{4DB4DFB8-D1F0-4E15-AC2D-7730C83D0DF0}.Release|Any CPU.ActiveCfg = Release|Any CPU
		{4DB4DFB8-D1F0-4E15-AC2D-7730C83D0DF0}.Release|Any CPU.Build.0 = Release|Any CPU
		{3861D7FC-2300-4DDA-8183-4E3FBCFABCBD}.Debug|Any CPU.ActiveCfg = Debug|Any CPU
		{3861D7FC-2300-4DDA-8183-4E3FBCFABCBD}.Debug|Any CPU.Build.0 = Debug|Any CPU
		{3861D7FC-2300-4DDA-8183-4E3FBCFABCBD}.Release|Any CPU.ActiveCfg = Release|Any CPU
		{3861D7FC-2300-4DDA-8183-4E3FBCFABCBD}.Release|Any CPU.Build.0 = Release|Any CPU
	EndGlobalSection
	GlobalSection(SolutionProperties) = preSolution
		HideSolutionNode = FALSE
	EndGlobalSection
	GlobalSection(ExtensibilityGlobals) = postSolution
		SolutionGuid = {E00B96E3-ED2D-4488-8507-6C1092F72ADE}
	EndGlobalSection
EndGlobal
